
Microsoft Visual Studio Solution File, Format Version 12.00
# Visual Studio Version 16
VisualStudioVersion = 16.0.34031.81
MinimumVisualStudioVersion = 10.0.40219.1
Project("{2150E333-8FDC-42A3-9474-1A3956D46DE8}") = "Task0", "Task0", "{16165612-2A1F-4742-8DDA-A1AE21AB20E9}"
EndProject
Project("{FAE04EC0-301F-11D3-BF4B-00C04F79EFBC}") = "Tyuiu.KhramovNA.Sprint5.Task0.V4", "Tyuiu.KhramovNA.Sprint5.Task0.V4\Tyuiu.KhramovNA.Sprint5.Task0.V4.csproj", "{94238EE3-99BC-4309-A3D9-FBF960FE4C01}"
EndProject
Project("{FAE04EC0-301F-11D3-BF4B-00C04F79EFBC}") = "Tyuiu.KhramovNA.Sprint5.Task0.V4.Lib", "Tyuiu.KhramovNA.Sprint5.Task0.V4.Lib\Tyuiu.KhramovNA.Sprint5.Task0.V4.Lib.csproj", "{57C0394E-1EAC-4CB2-A259-04FC0FBD2E64}"
EndProject
Project("{FAE04EC0-301F-11D3-BF4B-00C04F79EFBC}") = "Tyuiu.KhramovNA.Sprint5.Task0.V4.Test", "Tyuiu.KhramovNA.Sprint5.Task0.V4.Test\Tyuiu.KhramovNA.Sprint5.Task0.V4.Test.csproj", "{3570125B-FF8B-49CB-B8D2-E449C1647CCA}"
EndProject
Project("{2150E333-8FDC-42A3-9474-1A3956D46DE8}") = "Task1", "Task1", "{37B511EF-CDBE-4837-9197-D0F37F10BD51}"
EndProject
Project("{FAE04EC0-301F-11D3-BF4B-00C04F79EFBC}") = "Tyuiu.KhramovNA.Sprint5.Task1.V21", "Tyuiu.KhramovNA.Sprint5.Task1.V21\Tyuiu.KhramovNA.Sprint5.Task1.V21.csproj", "{13324D9B-6A25-4F32-BE99-04A303CE0684}"
EndProject
Project("{FAE04EC0-301F-11D3-BF4B-00C04F79EFBC}") = "Tyuiu.KhramovNA.Sprint5.Task1.V21.Lib", "Tyuiu.KhramovNA.Sprint5.Task1.V21.Lib\Tyuiu.KhramovNA.Sprint5.Task1.V21.Lib.csproj", "{21EC9625-F542-472E-823C-72BA03F7D97E}"
EndProject
Project("{FAE04EC0-301F-11D3-BF4B-00C04F79EFBC}") = "Tyuiu.KhramovNA.Sprint5.Task1.V21.Test", "Tyuiu.KhramovNA.Sprint5.Task1.V21.Test\Tyuiu.KhramovNA.Sprint5.Task1.V21.Test.csproj", "{C4B82647-24D6-423B-B02D-3375C033A0D8}"
EndProject
Project("{2150E333-8FDC-42A3-9474-1A3956D46DE8}") = "Task2", "Task2", "{5B6C0313-6BD6-4AEE-9E17-16B6276831CB}"
EndProject
Project("{FAE04EC0-301F-11D3-BF4B-00C04F79EFBC}") = "Tyuiu.KhramovNA.Sprint5.Task2.V16", "Tyuiu.KhramovNA.Sprint5.Task2.V16\Tyuiu.KhramovNA.Sprint5.Task2.V16.csproj", "{6F506496-F3E6-46AD-8B97-8A50512C1905}"
EndProject
Project("{FAE04EC0-301F-11D3-BF4B-00C04F79EFBC}") = "Tyuiu.KhramovNA.Sprint5.Task2.V16.Lib", "Tyuiu.KhramovNA.Sprint5.Task2.V16.Lib\Tyuiu.KhramovNA.Sprint5.Task2.V16.Lib.csproj", "{C635B601-6BE9-4CAD-9165-703A456331CE}"
EndProject
Project("{FAE04EC0-301F-11D3-BF4B-00C04F79EFBC}") = "Tyuiu.KhramovNA.Sprint5.Task2.V16.Test", "Tyuiu.KhramovNA.Sprint5.Task2.V16.Test\Tyuiu.KhramovNA.Sprint5.Task2.V16.Test.csproj", "{CE7BE4E5-276C-483A-8B8B-34853C4BE2FF}"
EndProject
Global
	GlobalSection(SolutionConfigurationPlatforms) = preSolution
		Debug|Any CPU = Debug|Any CPU
		Release|Any CPU = Release|Any CPU
	EndGlobalSection
	GlobalSection(ProjectConfigurationPlatforms) = postSolution
		{94238EE3-99BC-4309-A3D9-FBF960FE4C01}.Debug|Any CPU.ActiveCfg = Debug|Any CPU
		{94238EE3-99BC-4309-A3D9-FBF960FE4C01}.Debug|Any CPU.Build.0 = Debug|Any CPU
		{94238EE3-99BC-4309-A3D9-FBF960FE4C01}.Release|Any CPU.ActiveCfg = Release|Any CPU
		{94238EE3-99BC-4309-A3D9-FBF960FE4C01}.Release|Any CPU.Build.0 = Release|Any CPU
		{57C0394E-1EAC-4CB2-A259-04FC0FBD2E64}.Debug|Any CPU.ActiveCfg = Debug|Any CPU
		{57C0394E-1EAC-4CB2-A259-04FC0FBD2E64}.Debug|Any CPU.Build.0 = Debug|Any CPU
		{57C0394E-1EAC-4CB2-A259-04FC0FBD2E64}.Release|Any CPU.ActiveCfg = Release|Any CPU
		{57C0394E-1EAC-4CB2-A259-04FC0FBD2E64}.Release|Any CPU.Build.0 = Release|Any CPU
		{3570125B-FF8B-49CB-B8D2-E449C1647CCA}.Debug|Any CPU.ActiveCfg = Debug|Any CPU
		{3570125B-FF8B-49CB-B8D2-E449C1647CCA}.Debug|Any CPU.Build.0 = Debug|Any CPU
		{3570125B-FF8B-49CB-B8D2-E449C1647CCA}.Release|Any CPU.ActiveCfg = Release|Any CPU
		{3570125B-FF8B-49CB-B8D2-E449C1647CCA}.Release|Any CPU.Build.0 = Release|Any CPU
		{13324D9B-6A25-4F32-BE99-04A303CE0684}.Debug|Any CPU.ActiveCfg = Debug|Any CPU
		{13324D9B-6A25-4F32-BE99-04A303CE0684}.Debug|Any CPU.Build.0 = Debug|Any CPU
		{13324D9B-6A25-4F32-BE99-04A303CE0684}.Release|Any CPU.ActiveCfg = Release|Any CPU
		{13324D9B-6A25-4F32-BE99-04A303CE0684}.Release|Any CPU.Build.0 = Release|Any CPU
		{21EC9625-F542-472E-823C-72BA03F7D97E}.Debug|Any CPU.ActiveCfg = Debug|Any CPU
		{21EC9625-F542-472E-823C-72BA03F7D97E}.Debug|Any CPU.Build.0 = Debug|Any CPU
		{21EC9625-F542-472E-823C-72BA03F7D97E}.Release|Any CPU.ActiveCfg = Release|Any CPU
		{21EC9625-F542-472E-823C-72BA03F7D97E}.Release|Any CPU.Build.0 = Release|Any CPU
		{C4B82647-24D6-423B-B02D-3375C033A0D8}.Debug|Any CPU.ActiveCfg = Debug|Any CPU
		{C4B82647-24D6-423B-B02D-3375C033A0D8}.Debug|Any CPU.Build.0 = Debug|Any CPU
		{C4B82647-24D6-423B-B02D-3375C033A0D8}.Release|Any CPU.ActiveCfg = Release|Any CPU
		{C4B82647-24D6-423B-B02D-3375C033A0D8}.Release|Any CPU.Build.0 = Release|Any CPU
		{6F506496-F3E6-46AD-8B97-8A50512C1905}.Debug|Any CPU.ActiveCfg = Debug|Any CPU
		{6F506496-F3E6-46AD-8B97-8A50512C1905}.Debug|Any CPU.Build.0 = Debug|Any CPU
		{6F506496-F3E6-46AD-8B97-8A50512C1905}.Release|Any CPU.ActiveCfg = Release|Any CPU
		{6F506496-F3E6-46AD-8B97-8A50512C1905}.Release|Any CPU.Build.0 = Release|Any CPU
		{C635B601-6BE9-4CAD-9165-703A456331CE}.Debug|Any CPU.ActiveCfg = Debug|Any CPU
		{C635B601-6BE9-4CAD-9165-703A456331CE}.Debug|Any CPU.Build.0 = Debug|Any CPU
		{C635B601-6BE9-4CAD-9165-703A456331CE}.Release|Any CPU.ActiveCfg = Release|Any CPU
		{C635B601-6BE9-4CAD-9165-703A456331CE}.Release|Any CPU.Build.0 = Release|Any CPU
		{CE7BE4E5-276C-483A-8B8B-34853C4BE2FF}.Debug|Any CPU.ActiveCfg = Debug|Any CPU
		{CE7BE4E5-276C-483A-8B8B-34853C4BE2FF}.Debug|Any CPU.Build.0 = Debug|Any CPU
		{CE7BE4E5-276C-483A-8B8B-34853C4BE2FF}.Release|Any CPU.ActiveCfg = Release|Any CPU
		{CE7BE4E5-276C-483A-8B8B-34853C4BE2FF}.Release|Any CPU.Build.0 = Release|Any CPU
	EndGlobalSection
	GlobalSection(SolutionProperties) = preSolution
		HideSolutionNode = FALSE
	EndGlobalSection
	GlobalSection(NestedProjects) = preSolution
		{94238EE3-99BC-4309-A3D9-FBF960FE4C01} = {16165612-2A1F-4742-8DDA-A1AE21AB20E9}
		{57C0394E-1EAC-4CB2-A259-04FC0FBD2E64} = {16165612-2A1F-4742-8DDA-A1AE21AB20E9}
		{3570125B-FF8B-49CB-B8D2-E449C1647CCA} = {16165612-2A1F-4742-8DDA-A1AE21AB20E9}
		{13324D9B-6A25-4F32-BE99-04A303CE0684} = {37B511EF-CDBE-4837-9197-D0F37F10BD51}
		{21EC9625-F542-472E-823C-72BA03F7D97E} = {37B511EF-CDBE-4837-9197-D0F37F10BD51}
		{C4B82647-24D6-423B-B02D-3375C033A0D8} = {37B511EF-CDBE-4837-9197-D0F37F10BD51}
		{6F506496-F3E6-46AD-8B97-8A50512C1905} = {5B6C0313-6BD6-4AEE-9E17-16B6276831CB}
		{C635B601-6BE9-4CAD-9165-703A456331CE} = {5B6C0313-6BD6-4AEE-9E17-16B6276831CB}
		{CE7BE4E5-276C-483A-8B8B-34853C4BE2FF} = {5B6C0313-6BD6-4AEE-9E17-16B6276831CB}
	EndGlobalSection
	GlobalSection(ExtensibilityGlobals) = postSolution
		SolutionGuid = {F132839F-A63C-411F-A14C-37A10CB593E8}
	EndGlobalSection
EndGlobal
